
Microsoft Visual Studio Solution File, Format Version 12.00
# Visual Studio Version 16
VisualStudioVersion = 16.0.29609.76
MinimumVisualStudioVersion = 10.0.40219.1
Project("{9A19103F-16F7-4668-BE54-9A1E7A4F7556}") = "TestAspCoreTuto", "TestAspCoreTuto.csproj", "{28134CC5-C76D-4493-8E51-151EE9ED6DD7}"
EndProject
Project("{9A19103F-16F7-4668-BE54-9A1E7A4F7556}") = "CslAppServicesConsumer", "..\CslAppServicesConsumer\CslAppServicesConsumer.csproj", "{F950FA48-FF5F-412D-892E-E0F9A4075D30}"
EndProject
Global
	GlobalSection(SolutionConfigurationPlatforms) = preSolution
		Debug|Any CPU = Debug|Any CPU
		Release|Any CPU = Release|Any CPU
	EndGlobalSection
	GlobalSection(ProjectConfigurationPlatforms) = postSolution
		{28134CC5-C76D-4493-8E51-151EE9ED6DD7}.Debug|Any CPU.ActiveCfg = Debug|Any CPU
		{28134CC5-C76D-4493-8E51-151EE9ED6DD7}.Debug|Any CPU.Build.0 = Debug|Any CPU
		{28134CC5-C76D-4493-8E51-151EE9ED6DD7}.Release|Any CPU.ActiveCfg = Release|Any CPU
		{28134CC5-C76D-4493-8E51-151EE9ED6DD7}.Release|Any CPU.Build.0 = Release|Any CPU
		{F950FA48-FF5F-412D-892E-E0F9A4075D30}.Debug|Any CPU.ActiveCfg = Debug|Any CPU
		{F950FA48-FF5F-412D-892E-E0F9A4075D30}.Debug|Any CPU.Build.0 = Debug|Any CPU
		{F950FA48-FF5F-412D-892E-E0F9A4075D30}.Release|Any CPU.ActiveCfg = Release|Any CPU
		{F950FA48-FF5F-412D-892E-E0F9A4075D30}.Release|Any CPU.Build.0 = Release|Any CPU
	EndGlobalSection
	GlobalSection(SolutionProperties) = preSolution
		HideSolutionNode = FALSE
	EndGlobalSection
	GlobalSection(ExtensibilityGlobals) = postSolution
		SolutionGuid = {1BE5C24C-B956-4901-B4A3-9D548F2D22DA}
	EndGlobalSection
EndGlobal
